{
  "requires": true,
  "lockfileVersion": 1,
  "dependencies": {
    "cloudflare-middleware": {
      "version": "1.0.2",
      "resolved": "https://registry.npmjs.org/cloudflare-middleware/-/cloudflare-middleware-1.0.2.tgz",
      "integrity": "sha512-IQ8qw6FJLKKl6ircPmLTxOUCP5Vuu759B3QynIcgsN496BWA3JdQMdmYr7JUCaNSfrmooV1Dct225cygk+eI/w==",
      "requires": {
        "range_check": "1.4.0"
      }
    },
    "ip6": {
      "version": "0.0.4",
      "resolved": "https://registry.npmjs.org/ip6/-/ip6-0.0.4.tgz",
      "integrity": "sha1-RMWp23njnUBSAbTXjROzhw5I2zE="
    },
    "ipaddr.js": {
      "version": "1.2.0",
      "resolved": "https://registry.npmjs.org/ipaddr.js/-/ipaddr.js-1.2.0.tgz",
      "integrity": "sha1-irpJyRknmVhb3WQ+DMtQ6K53e6Q="
    },
    "range_check": {
      "version": "1.4.0",
      "resolved": "https://registry.npmjs.org/range_check/-/range_check-1.4.0.tgz",
      "integrity": "sha1-zYfHrGLEC6nfabhwPGBPYMN0hjU=",
      "requires": {
        "ip6": "0.0.4",
        "ipaddr.js": "1.2.0"
      }
    }
  }
}
